
Microsoft Visual Studio Solution File, Format Version 12.00
# Visual Studio 14
VisualStudioVersion = 14.0.25420.1
MinimumVisualStudioVersion = 10.0.40219.1
Project("{FAE04EC0-301F-11D3-BF4B-00C04F79EFBC}") = "Tests", "NameNormalizer\Tests.csproj", "{DD6BDA30-D597-4C08-AA05-85990E6D6628}"
	ProjectSection(ProjectDependencies) = postProject
		{A46CCBB2-FE39-4E33-96D4-6BB641732C30} = {A46CCBB2-FE39-4E33-96D4-6BB641732C30}
	EndProjectSection
EndProject
Project("{FAE04EC0-301F-11D3-BF4B-00C04F79EFBC}") = "Prod", "Prod\Prod.csproj", "{A46CCBB2-FE39-4E33-96D4-6BB641732C30}"
EndProject
Global
	GlobalSection(SolutionConfigurationPlatforms) = preSolution
		Debug|Any CPU = Debug|Any CPU
		Release|Any CPU = Release|Any CPU
	EndGlobalSection
	GlobalSection(ProjectConfigurationPlatforms) = postSolution
		{DD6BDA30-D597-4C08-AA05-85990E6D6628}.Debug|Any CPU.ActiveCfg = Debug|Any CPU
		{DD6BDA30-D597-4C08-AA05-85990E6D6628}.Debug|Any CPU.Build.0 = Debug|Any CPU
		{DD6BDA30-D597-4C08-AA05-85990E6D6628}.Release|Any CPU.ActiveCfg = Release|Any CPU
		{DD6BDA30-D597-4C08-AA05-85990E6D6628}.Release|Any CPU.Build.0 = Release|Any CPU
		{A46CCBB2-FE39-4E33-96D4-6BB641732C30}.Debug|Any CPU.ActiveCfg = Debug|Any CPU
		{A46CCBB2-FE39-4E33-96D4-6BB641732C30}.Debug|Any CPU.Build.0 = Debug|Any CPU
		{A46CCBB2-FE39-4E33-96D4-6BB641732C30}.Release|Any CPU.ActiveCfg = Release|Any CPU
		{A46CCBB2-FE39-4E33-96D4-6BB641732C30}.Release|Any CPU.Build.0 = Release|Any CPU
	EndGlobalSection
	GlobalSection(SolutionProperties) = preSolution
		HideSolutionNode = FALSE
	EndGlobalSection
EndGlobal
